
Microsoft Visual Studio Solution File, Format Version 12.00
Project("{2150E333-8FDC-42A3-9474-1A3956D46DE8}") = "CountryContracts", "CountryContracts", "{BDB8CC08-624C-41DC-9AB0-BBFC122231B7}"
EndProject

Project("{2150E333-8FDC-42A3-9474-1A3956D46DE8}") = "Protos", "Protos", "{A31B17FA-2408-4A22-AFF1-EE746EBECDF1}"
	ProjectSection(SolutionItems) = preProject
		src\CountryContracts\Protos\country.proto = src\CountryContracts\Protos\country.proto
	EndProjectSection
EndProject
Project("{2150E333-8FDC-42A3-9474-1A3956D46DE8}") = "CountryService", "CountryService", "{6DF46BE4-096D-4A9D-9F2D-BBFB77DEC4BE}"
EndProject
Project("{FAE04EC0-301F-11D3-BF4B-00C04F79EFBC}") = "CountryService.Domain", "src\CountryService\CountryService.Domain\CountryService.Domain.csproj", "{93C35062-E059-4C62-BAB8-F16707A65282}"
EndProject
Project("{FAE04EC0-301F-11D3-BF4B-00C04F79EFBC}") = "CountryService.DAL", "src\CountryService\CountryService.DAL\CountryService.DAL.csproj", "{4EBAD05C-F505-4250-8B26-3074D191F2FA}"
EndProject
Project("{FAE04EC0-301F-11D3-BF4B-00C04F79EFBC}") = "CountryService.BLL", "src\CountryService\CountryService.BLL\CountryService.BLL.csproj", "{697848A7-81AD-45C9-A2D9-74C72BDC6864}"
EndProject
Project("{FAE04EC0-301F-11D3-BF4B-00C04F79EFBC}") = "CountryService.Grpc", "src\CountryService\CountryService.Grpc\CountryService.Grpc.csproj", "{CE24F70C-B7C5-45DF-B85D-1479D10B6436}"
EndProject
Project("{2150E333-8FDC-42A3-9474-1A3956D46DE8}") = "CountryService", "CountryService", "{BF51224F-8DB3-4443-9E2B-2FF1F95990C9}"
EndProject
Project("{FAE04EC0-301F-11D3-BF4B-00C04F79EFBC}") = "CountryService.DAL.Tests", "tests\CountryService\CountryService.DAL.Tests\CountryService.DAL.Tests.csproj", "{8443771E-59B2-46A4-A507-F9168048D912}"
EndProject
Project("{2150E333-8FDC-42A3-9474-1A3956D46DE8}") = "src", "src", "{6572D0EC-141A-4F7D-BEE3-2CF5EB1F1DE2}"
EndProject
Project("{2150E333-8FDC-42A3-9474-1A3956D46DE8}") = "tests", "tests", "{77B77A4B-3E4E-481D-B898-2ACAC5563EEF}"
EndProject
Project("{FAE04EC0-301F-11D3-BF4B-00C04F79EFBC}") = "CountryService.BLL.Tests", "tests\CountryService\CountryService.BLL.Tests\CountryService.BLL.Tests.csproj", "{E78693F1-D5AD-440D-9A32-FDDBFFADACA5}"
EndProject
Project("{FAE04EC0-301F-11D3-BF4B-00C04F79EFBC}") = "CountryService.Grpc.Tests", "tests\CountryService\CountryService.Grpc.Tests\CountryService.Grpc.Tests.csproj", "{7282EC36-B769-4AD0-9A33-744C43351EE8}"
EndProject
Project("{FAE04EC0-301F-11D3-BF4B-00C04F79EFBC}") = "CountryService.Grpc.IntegrationTests", "tests\CountryService\CountryService.Grpc.IntegrationTests\CountryService.Grpc.IntegrationTests.csproj", "{1E5C526C-7E9C-4776-8D81-0D341BA75FC8}"
EndProject
Project("{2150E333-8FDC-42A3-9474-1A3956D46DE8}") = "Solution Items", "Solution Items", "{334F94FA-6480-4F76-87C2-FD4F92212B15}"
	ProjectSection(SolutionItems) = preProject
		compose.yaml = compose.yaml
	EndProjectSection
EndProject
Project("{2150E333-8FDC-42A3-9474-1A3956D46DE8}") = "CountryWiki", "CountryWiki", "{D0694F86-A3DA-48CC-8FAD-F926471CE8AC}"
EndProject
Project("{FAE04EC0-301F-11D3-BF4B-00C04F79EFBC}") = "CountryWiki.Domain", "src\CountryWiki\CountryWiki.Domain\CountryWiki.Domain.csproj", "{FCAD93D8-6DDA-4315-BA1F-D78C5CDE26D4}"
EndProject
Project("{FAE04EC0-301F-11D3-BF4B-00C04F79EFBC}") = "CountryWiki.DAL", "src\CountryWiki\CountryWiki.DAL\CountryWiki.DAL.csproj", "{9546ED42-B443-42DB-96F6-D4672471360D}"
EndProject
Project("{2150E333-8FDC-42A3-9474-1A3956D46DE8}") = "CountryWiki", "CountryWiki", "{8D55DD40-9157-4D7E-B636-EB7AFB39E0CC}"
EndProject
Project("{FAE04EC0-301F-11D3-BF4B-00C04F79EFBC}") = "CountryWiki.DAL.Tests", "tests\CountryWiki\CountryWiki.DAL.Tests\CountryWiki.DAL.Tests.csproj", "{53040B20-CB0C-42D3-A27A-879A2569DF66}"
EndProject

Global
	GlobalSection(SolutionConfigurationPlatforms) = preSolution
		Debug|Any CPU = Debug|Any CPU
		Release|Any CPU = Release|Any CPU
	EndGlobalSection
	GlobalSection(ProjectConfigurationPlatforms) = postSolution
		{93C35062-E059-4C62-BAB8-F16707A65282}.Debug|Any CPU.ActiveCfg = Debug|Any CPU
		{93C35062-E059-4C62-BAB8-F16707A65282}.Debug|Any CPU.Build.0 = Debug|Any CPU
		{93C35062-E059-4C62-BAB8-F16707A65282}.Release|Any CPU.ActiveCfg = Release|Any CPU
		{93C35062-E059-4C62-BAB8-F16707A65282}.Release|Any CPU.Build.0 = Release|Any CPU
		{4EBAD05C-F505-4250-8B26-3074D191F2FA}.Debug|Any CPU.ActiveCfg = Debug|Any CPU
		{4EBAD05C-F505-4250-8B26-3074D191F2FA}.Debug|Any CPU.Build.0 = Debug|Any CPU
		{4EBAD05C-F505-4250-8B26-3074D191F2FA}.Release|Any CPU.ActiveCfg = Release|Any CPU
		{4EBAD05C-F505-4250-8B26-3074D191F2FA}.Release|Any CPU.Build.0 = Release|Any CPU
		{697848A7-81AD-45C9-A2D9-74C72BDC6864}.Debug|Any CPU.ActiveCfg = Debug|Any CPU
		{697848A7-81AD-45C9-A2D9-74C72BDC6864}.Debug|Any CPU.Build.0 = Debug|Any CPU
		{697848A7-81AD-45C9-A2D9-74C72BDC6864}.Release|Any CPU.ActiveCfg = Release|Any CPU
		{697848A7-81AD-45C9-A2D9-74C72BDC6864}.Release|Any CPU.Build.0 = Release|Any CPU
		{CE24F70C-B7C5-45DF-B85D-1479D10B6436}.Debug|Any CPU.ActiveCfg = Debug|Any CPU
		{CE24F70C-B7C5-45DF-B85D-1479D10B6436}.Debug|Any CPU.Build.0 = Debug|Any CPU
		{CE24F70C-B7C5-45DF-B85D-1479D10B6436}.Release|Any CPU.ActiveCfg = Release|Any CPU
		{CE24F70C-B7C5-45DF-B85D-1479D10B6436}.Release|Any CPU.Build.0 = Release|Any CPU
		{8443771E-59B2-46A4-A507-F9168048D912}.Debug|Any CPU.ActiveCfg = Debug|Any CPU
		{8443771E-59B2-46A4-A507-F9168048D912}.Debug|Any CPU.Build.0 = Debug|Any CPU
		{8443771E-59B2-46A4-A507-F9168048D912}.Release|Any CPU.ActiveCfg = Release|Any CPU
		{8443771E-59B2-46A4-A507-F9168048D912}.Release|Any CPU.Build.0 = Release|Any CPU
		{E78693F1-D5AD-440D-9A32-FDDBFFADACA5}.Debug|Any CPU.ActiveCfg = Debug|Any CPU
		{E78693F1-D5AD-440D-9A32-FDDBFFADACA5}.Debug|Any CPU.Build.0 = Debug|Any CPU
		{E78693F1-D5AD-440D-9A32-FDDBFFADACA5}.Release|Any CPU.ActiveCfg = Release|Any CPU
		{E78693F1-D5AD-440D-9A32-FDDBFFADACA5}.Release|Any CPU.Build.0 = Release|Any CPU
		{7282EC36-B769-4AD0-9A33-744C43351EE8}.Debug|Any CPU.ActiveCfg = Debug|Any CPU
		{7282EC36-B769-4AD0-9A33-744C43351EE8}.Debug|Any CPU.Build.0 = Debug|Any CPU
		{7282EC36-B769-4AD0-9A33-744C43351EE8}.Release|Any CPU.ActiveCfg = Release|Any CPU
		{7282EC36-B769-4AD0-9A33-744C43351EE8}.Release|Any CPU.Build.0 = Release|Any CPU
		{1E5C526C-7E9C-4776-8D81-0D341BA75FC8}.Debug|Any CPU.ActiveCfg = Debug|Any CPU
		{1E5C526C-7E9C-4776-8D81-0D341BA75FC8}.Debug|Any CPU.Build.0 = Debug|Any CPU
		{1E5C526C-7E9C-4776-8D81-0D341BA75FC8}.Release|Any CPU.ActiveCfg = Release|Any CPU
		{1E5C526C-7E9C-4776-8D81-0D341BA75FC8}.Release|Any CPU.Build.0 = Release|Any CPU
		{FCAD93D8-6DDA-4315-BA1F-D78C5CDE26D4}.Debug|Any CPU.ActiveCfg = Debug|Any CPU
		{FCAD93D8-6DDA-4315-BA1F-D78C5CDE26D4}.Debug|Any CPU.Build.0 = Debug|Any CPU
		{FCAD93D8-6DDA-4315-BA1F-D78C5CDE26D4}.Release|Any CPU.ActiveCfg = Release|Any CPU
		{FCAD93D8-6DDA-4315-BA1F-D78C5CDE26D4}.Release|Any CPU.Build.0 = Release|Any CPU
		{9546ED42-B443-42DB-96F6-D4672471360D}.Debug|Any CPU.ActiveCfg = Debug|Any CPU
		{9546ED42-B443-42DB-96F6-D4672471360D}.Debug|Any CPU.Build.0 = Debug|Any CPU
		{9546ED42-B443-42DB-96F6-D4672471360D}.Release|Any CPU.ActiveCfg = Release|Any CPU
		{9546ED42-B443-42DB-96F6-D4672471360D}.Release|Any CPU.Build.0 = Release|Any CPU
		{53040B20-CB0C-42D3-A27A-879A2569DF66}.Debug|Any CPU.ActiveCfg = Debug|Any CPU
		{53040B20-CB0C-42D3-A27A-879A2569DF66}.Debug|Any CPU.Build.0 = Debug|Any CPU
		{53040B20-CB0C-42D3-A27A-879A2569DF66}.Release|Any CPU.ActiveCfg = Release|Any CPU
		{53040B20-CB0C-42D3-A27A-879A2569DF66}.Release|Any CPU.Build.0 = Release|Any CPU
	EndGlobalSection
	GlobalSection(NestedProjects) = preSolution
		{A31B17FA-2408-4A22-AFF1-EE746EBECDF1} = {BDB8CC08-624C-41DC-9AB0-BBFC122231B7}
		{93C35062-E059-4C62-BAB8-F16707A65282} = {6DF46BE4-096D-4A9D-9F2D-BBFB77DEC4BE}
		{4EBAD05C-F505-4250-8B26-3074D191F2FA} = {6DF46BE4-096D-4A9D-9F2D-BBFB77DEC4BE}
		{697848A7-81AD-45C9-A2D9-74C72BDC6864} = {6DF46BE4-096D-4A9D-9F2D-BBFB77DEC4BE}
		{CE24F70C-B7C5-45DF-B85D-1479D10B6436} = {6DF46BE4-096D-4A9D-9F2D-BBFB77DEC4BE}
		{8443771E-59B2-46A4-A507-F9168048D912} = {BF51224F-8DB3-4443-9E2B-2FF1F95990C9}
		{BDB8CC08-624C-41DC-9AB0-BBFC122231B7} = {6572D0EC-141A-4F7D-BEE3-2CF5EB1F1DE2}
		{6DF46BE4-096D-4A9D-9F2D-BBFB77DEC4BE} = {6572D0EC-141A-4F7D-BEE3-2CF5EB1F1DE2}
		{BF51224F-8DB3-4443-9E2B-2FF1F95990C9} = {77B77A4B-3E4E-481D-B898-2ACAC5563EEF}
		{E78693F1-D5AD-440D-9A32-FDDBFFADACA5} = {BF51224F-8DB3-4443-9E2B-2FF1F95990C9}
		{7282EC36-B769-4AD0-9A33-744C43351EE8} = {BF51224F-8DB3-4443-9E2B-2FF1F95990C9}
		{1E5C526C-7E9C-4776-8D81-0D341BA75FC8} = {BF51224F-8DB3-4443-9E2B-2FF1F95990C9}
		{D0694F86-A3DA-48CC-8FAD-F926471CE8AC} = {6572D0EC-141A-4F7D-BEE3-2CF5EB1F1DE2}
		{FCAD93D8-6DDA-4315-BA1F-D78C5CDE26D4} = {D0694F86-A3DA-48CC-8FAD-F926471CE8AC}
		{9546ED42-B443-42DB-96F6-D4672471360D} = {D0694F86-A3DA-48CC-8FAD-F926471CE8AC}
		{8D55DD40-9157-4D7E-B636-EB7AFB39E0CC} = {77B77A4B-3E4E-481D-B898-2ACAC5563EEF}
		{53040B20-CB0C-42D3-A27A-879A2569DF66} = {8D55DD40-9157-4D7E-B636-EB7AFB39E0CC}
	EndGlobalSection
EndGlobal
